// !$*UTF8*$!
{
	archiveVersion = 1;
	classes = {
	};
	objectVersion = 56;
	objects = {

/* Begin PBXBuildFile section */
		5B1374422B4DC985005DCFAB /* simple.swift in Sources */ = {isa = PBXBuildFile; fileRef = 5B1374412B4DC985005DCFAB /* simple.swift */; };
		5B1374462B4E55E0005DCFAB /* vitals__.swift in Sources */ = {isa = PBXBuildFile; fileRef = 5B1374452B4E55E0005DCFAB /* vitals__.swift */; };
		7F19161D2B3A921400E5FEE0 /* LoginApp.swift in Sources */ = {isa = PBXBuildFile; fileRef = 7F19161C2B3A921400E5FEE0 /* LoginApp.swift */; };
		7F19161F2B3A921400E5FEE0 /* ContentView.swift in Sources */ = {isa = PBXBuildFile; fileRef = 7F19161E2B3A921400E5FEE0 /* ContentView.swift */; };
		7F1916212B3A921500E5FEE0 /* Assets.xcassets in Resources */ = {isa = PBXBuildFile; fileRef = 7F1916202B3A921500E5FEE0 /* Assets.xcassets */; };
		7F1916242B3A921500E5FEE0 /* Preview Assets.xcassets in Resources */ = {isa = PBXBuildFile; fileRef = 7F1916232B3A921500E5FEE0 /* Preview Assets.xcassets */; };
		7F7F58172B41DA11000BB405 /* details1.swift in Sources */ = {isa = PBXBuildFile; fileRef = 7F7F58162B41DA10000BB405 /* details1.swift */; };
		7FB84B9D2B42FBF5003144D3 /* LoginPg2.swift in Sources */ = {isa = PBXBuildFile; fileRef = 7FB84B9C2B42FBF5003144D3 /* LoginPg2.swift */; };
		7FB84B9F2B43231F003144D3 /* Homepage.swift in Sources */ = {isa = PBXBuildFile; fileRef = 7FB84B9E2B43231F003144D3 /* Homepage.swift */; };
		7FB84BA12B46CBE7003144D3 /* appointments.swift in Sources */ = {isa = PBXBuildFile; fileRef = 7FB84BA02B46CBE7003144D3 /* appointments.swift */; };
		7FB84BA32B46CBF2003144D3 /* MomComm.swift in Sources */ = {isa = PBXBuildFile; fileRef = 7FB84BA22B46CBF2003144D3 /* MomComm.swift */; };
/* End PBXBuildFile section */

/* Begin PBXFileReference section */
		5B1374412B4DC985005DCFAB /* simple.swift */ = {isa = PBXFileReference; lastKnownFileType = sourcecode.swift; path = simple.swift; sourceTree = "<group>"; };
		5B1374432B4E5446005DCFAB /* Login.entitlements */ = {isa = PBXFileReference; lastKnownFileType = text.plist.entitlements; path = Login.entitlements; sourceTree = "<group>"; };
		5B1374442B4E5464005DCFAB /* Info.plist */ = {isa = PBXFileReference; lastKnownFileType = text.plist; path = Info.plist; sourceTree = "<group>"; };
		5B1374452B4E55E0005DCFAB /* vitals__.swift */ = {isa = PBXFileReference; lastKnownFileType = sourcecode.swift; path = vitals__.swift; sourceTree = "<group>"; };
		7F1916192B3A921400E5FEE0 /* Login.app */ = {isa = PBXFileReference; explicitFileType = wrapper.application; includeInIndex = 0; path = Login.app; sourceTree = BUILT_PRODUCTS_DIR; };
		7F19161C2B3A921400E5FEE0 /* LoginApp.swift */ = {isa = PBXFileReference; lastKnownFileType = sourcecode.swift; path = LoginApp.swift; sourceTree = "<group>"; };
		7F19161E2B3A921400E5FEE0 /* ContentView.swift */ = {isa = PBXFileReference; lastKnownFileType = sourcecode.swift; path = ContentView.swift; sourceTree = "<group>"; };
		7F1916202B3A921500E5FEE0 /* Assets.xcassets */ = {isa = PBXFileReference; lastKnownFileType = folder.assetcatalog; path = Assets.xcassets; sourceTree = "<group>"; };
		7F1916232B3A921500E5FEE0 /* Preview Assets.xcassets */ = {isa = PBXFileReference; lastKnownFileType = folder.assetcatalog; path = "Preview Assets.xcassets"; sourceTree = "<group>"; };
		7F7F58162B41DA10000BB405 /* details1.swift */ = {isa = PBXFileReference; lastKnownFileType = sourcecode.swift; path = details1.swift; sourceTree = "<group>"; };
		7FB84B9C2B42FBF5003144D3 /* LoginPg2.swift */ = {isa = PBXFileReference; lastKnownFileType = sourcecode.swift; path = LoginPg2.swift; sourceTree = "<group>"; };
		7FB84B9E2B43231F003144D3 /* Homepage.swift */ = {isa = PBXFileReference; lastKnownFileType = sourcecode.swift; path = Homepage.swift; sourceTree = "<group>"; };
		7FB84BA02B46CBE7003144D3 /* appointments.swift */ = {isa = PBXFileReference; lastKnownFileType = sourcecode.swift; path = appointments.swift; sourceTree = "<group>"; };
		7FB84BA22B46CBF2003144D3 /* MomComm.swift */ = {isa = PBXFileReference; lastKnownFileType = sourcecode.swift; path = MomComm.swift; sourceTree = "<group>"; };
/* End PBXFileReference section */

/* Begin PBXFrameworksBuildPhase section */
		7F1916162B3A921400E5FEE0 /* Frameworks */ = {
			isa = PBXFrameworksBuildPhase;
			buildActionMask = 2147483647;
			files = (
			);
			runOnlyForDeploymentPostprocessing = 0;
		};
/* End PBXFrameworksBuildPhase section */

/* Begin PBXGroup section */
		7F1916102B3A921400E5FEE0 = {
			isa = PBXGroup;
			children = (
				7F19161B2B3A921400E5FEE0 /* Login */,
				7F19161A2B3A921400E5FEE0 /* Products */,
			);
			sourceTree = "<group>";
		};
		7F19161A2B3A921400E5FEE0 /* Products */ = {
			isa = PBXGroup;
			children = (
				7F1916192B3A921400E5FEE0 /* Login.app */,
			);
			name = Products;
			sourceTree = "<group>";
		};
		7F19161B2B3A921400E5FEE0 /* Login */ = {
			isa = PBXGroup;
			children = (
				5B1374442B4E5464005DCFAB /* Info.plist */,
				5B1374432B4E5446005DCFAB /* Login.entitlements */,
				7F19161C2B3A921400E5FEE0 /* LoginApp.swift */,
				7F19161E2B3A921400E5FEE0 /* ContentView.swift */,
				7FB84B9E2B43231F003144D3 /* Homepage.swift */,
				7FB84BA02B46CBE7003144D3 /* appointments.swift */,
				7FB84BA22B46CBF2003144D3 /* MomComm.swift */,
				7F7F58162B41DA10000BB405 /* details1.swift */,
				7FB84B9C2B42FBF5003144D3 /* LoginPg2.swift */,
				5B1374412B4DC985005DCFAB /* simple.swift */,
				5B1374452B4E55E0005DCFAB /* vitals__.swift */,
				7F1916202B3A921500E5FEE0 /* Assets.xcassets */,
				7F1916222B3A921500E5FEE0 /* Preview Content */,
			);
			path = Login;
			sourceTree = "<group>";
		};
		7F1916222B3A921500E5FEE0 /* Preview Content */ = {
			isa = PBXGroup;
			children = (
				7F1916232B3A921500E5FEE0 /* Preview Assets.xcassets */,
			);
			path = "Preview Content";
			sourceTree = "<group>";
		};
/* End PBXGroup section */

/* Begin PBXNativeTarget section */
		7F1916182B3A921400E5FEE0 /* Login */ = {
			isa = PBXNativeTarget;
			buildConfigurationList = 7F1916272B3A921500E5FEE0 /* Build configuration list for PBXNativeTarget "Login" */;
			buildPhases = (
				7F1916152B3A921400E5FEE0 /* Sources */,
				7F1916162B3A921400E5FEE0 /* Frameworks */,
				7F1916172B3A921400E5FEE0 /* Resources */,
			);
			buildRules = (
			);
			dependencies = (
			);
			name = Login;
			productName = Login;
			productReference = 7F1916192B3A921400E5FEE0 /* Login.app */;
			productType = "com.apple.product-type.application";
		};
/* End PBXNativeTarget section */

/* Begin PBXProject section */
		7F1916112B3A921400E5FEE0 /* Project object */ = {
			isa = PBXProject;
			attributes = {
				BuildIndependentTargetsInParallel = 1;
				LastSwiftUpdateCheck = 1510;
				LastUpgradeCheck = 1510;
				TargetAttributes = {
					7F1916182B3A921400E5FEE0 = {
						CreatedOnToolsVersion = 15.1;
					};
				};
			};
			buildConfigurationList = 7F1916142B3A921400E5FEE0 /* Build configuration list for PBXProject "Login" */;
			compatibilityVersion = "Xcode 14.0";
			developmentRegion = en;
			hasScannedForEncodings = 0;
			knownRegions = (
				en,
				Base,
			);
			mainGroup = 7F1916102B3A921400E5FEE0;
			productRefGroup = 7F19161A2B3A921400E5FEE0 /* Products */;
			projectDirPath = "";
			projectRoot = "";
			targets = (
				7F1916182B3A921400E5FEE0 /* Login */,
			);
		};
/* End PBXProject section */

/* Begin PBXResourcesBuildPhase section */
		7F1916172B3A921400E5FEE0 /* Resources */ = {
			isa = PBXResourcesBuildPhase;
			buildActionMask = 2147483647;
			files = (
				7F1916242B3A921500E5FEE0 /* Preview Assets.xcassets in Resources */,
				7F1916212B3A921500E5FEE0 /* Assets.xcassets in Resources */,
			);
			runOnlyForDeploymentPostprocessing = 0;
		};
/* End PBXResourcesBuildPhase section */

/* Begin PBXSourcesBuildPhase section */
		7F1916152B3A921400E5FEE0 /* Sources */ = {
			isa = PBXSourcesBuildPhase;
			buildActionMask = 2147483647;
			files = (
				7FB84B9D2B42FBF5003144D3 /* LoginPg2.swift in Sources */,
				5B1374422B4DC985005DCFAB /* simple.swift in Sources */,
				7F19161F2B3A921400E5FEE0 /* ContentView.swift in Sources */,
				5B1374462B4E55E0005DCFAB /* vitals__.swift in Sources */,
				7F7F58172B41DA11000BB405 /* details1.swift in Sources */,
				7FB84B9F2B43231F003144D3 /* Homepage.swift in Sources */,
				7F19161D2B3A921400E5FEE0 /* LoginApp.swift in Sources */,
				7FB84BA32B46CBF2003144D3 /* MomComm.swift in Sources */,
				7FB84BA12B46CBE7003144D3 /* appointments.swift in Sources */,
			);
			runOnlyForDeploymentPostprocessing = 0;
		};
/* End PBXSourcesBuildPhase section */

/* Begin XCBuildConfiguration section */
		7F1916252B3A921500E5FEE0 /* Debug */ = {
			isa = XCBuildConfiguration;
			buildSettings = {
				ALWAYS_SEARCH_USER_PATHS = NO;
				ASSETCATALOG_COMPILER_GENERATE_SWIFT_ASSET_SYMBOL_EXTENSIONS = YES;
				CLANG_ANALYZER_NONNULL = YES;
				CLANG_ANALYZER_NUMBER_OBJECT_CONVERSION = YES_AGGRESSIVE;
				CLANG_CXX_LANGUAGE_STANDARD = "gnu++20";
				CLANG_ENABLE_MODULES = YES;
				CLANG_ENABLE_OBJC_ARC = YES;
				CLANG_ENABLE_OBJC_WEAK = YES;
				CLANG_WARN_BLOCK_CAPTURE_AUTORELEASING = YES;
				CLANG_WARN_BOOL_CONVERSION = YES;
				CLANG_WARN_COMMA = YES;
				CLANG_WARN_CONSTANT_CONVERSION = YES;
				CLANG_WARN_DEPRECATED_OBJC_IMPLEMENTATIONS = YES;
				CLANG_WARN_DIRECT_OBJC_ISA_USAGE = YES_ERROR;
				CLANG_WARN_DOCUMENTATION_COMMENTS = YES;
				CLANG_WARN_EMPTY_BODY = YES;
				CLANG_WARN_ENUM_CONVERSION = YES;
				CLANG_WARN_INFINITE_RECURSION = YES;
				CLANG_WARN_INT_CONVERSION = YES;
				CLANG_WARN_NON_LITERAL_NULL_CONVERSION = YES;
				CLANG_WARN_OBJC_IMPLICIT_RETAIN_SELF = YES;
				CLANG_WARN_OBJC_LITERAL_CONVERSION = YES;
				CLANG_WARN_OBJC_ROOT_CLASS = YES_ERROR;
				CLANG_WARN_QUOTED_INCLUDE_IN_FRAMEWORK_HEADER = YES;
				CLANG_WARN_RANGE_LOOP_ANALYSIS = YES;
				CLANG_WARN_STRICT_PROTOTYPES = YES;
				CLANG_WARN_SUSPICIOUS_MOVE = YES;
				CLANG_WARN_UNGUARDED_AVAILABILITY = YES_AGGRESSIVE;
				CLANG_WARN_UNREACHABLE_CODE = YES;
				CLANG_WARN__DUPLICATE_METHOD_MATCH = YES;
				COPY_PHASE_STRIP = NO;
				DEBUG_INFORMATION_FORMAT = dwarf;
				ENABLE_STRICT_OBJC_MSGSEND = YES;
				ENABLE_TESTABILITY = YES;
				ENABLE_USER_SCRIPT_SANDBOXING = YES;
				GCC_C_LANGUAGE_STANDARD = gnu17;
				GCC_DYNAMIC_NO_PIC = NO;
				GCC_NO_COMMON_BLOCKS = YES;
				GCC_OPTIMIZATION_LEVEL = 0;
				GCC_PREPROCESSOR_DEFINITIONS = (
					"DEBUG=1",
					"$(inherited)",
				);
				GCC_WARN_64_TO_32_BIT_CONVERSION = YES;
				GCC_WARN_ABOUT_RETURN_TYPE = YES_ERROR;
				GCC_WARN_UNDECLARED_SELECTOR = YES;
				GCC_WARN_UNINITIALIZED_AUTOS = YES_AGGRESSIVE;
				GCC_WARN_UNUSED_FUNCTION = YES;
				GCC_WARN_UNUSED_VARIABLE = YES;
				IPHONEOS_DEPLOYMENT_TARGET = 17.2;
				LOCALIZATION_PREFERS_STRING_CATALOGS = YES;
				MTL_ENABLE_DEBUG_INFO = INCLUDE_SOURCE;
				MTL_FAST_MATH = YES;
				ONLY_ACTIVE_ARCH = YES;
				SDKROOT = iphoneos;
				SWIFT_ACTIVE_COMPILATION_CONDITIONS = "DEBUG $(inherited)";
				SWIFT_OPTIMIZATION_LEVEL = "-Onone";
			};
			name = Debug;
		};
		7F1916262B3A921500E5FEE0 /* Release */ = {
			isa = XCBuildConfiguration;
			buildSettings = {
				ALWAYS_SEARCH_USER_PATHS = NO;
				ASSETCATALOG_COMPILER_GENERATE_SWIFT_ASSET_SYMBOL_EXTENSIONS = YES;
				CLANG_ANALYZER_NONNULL = YES;
				CLANG_ANALYZER_NUMBER_OBJECT_CONVERSION = YES_AGGRESSIVE;
				CLANG_CXX_LANGUAGE_STANDARD = "gnu++20";
				CLANG_ENABLE_MODULES = YES;
				CLANG_ENABLE_OBJC_ARC = YES;
				CLANG_ENABLE_OBJC_WEAK = YES;
				CLANG_WARN_BLOCK_CAPTURE_AUTORELEASING = YES;
				CLANG_WARN_BOOL_CONVERSION = YES;
				CLANG_WARN_COMMA = YES;
				CLANG_WARN_CONSTANT_CONVERSION = YES;
				CLANG_WARN_DEPRECATED_OBJC_IMPLEMENTATIONS = YES;
				CLANG_WARN_DIRECT_OBJC_ISA_USAGE = YES_ERROR;
				CLANG_WARN_DOCUMENTATION_COMMENTS = YES;
				CLANG_WARN_EMPTY_BODY = YES;
				CLANG_WARN_ENUM_CONVERSION = YES;
				CLANG_WARN_INFINITE_RECURSION = YES;
				CLANG_WARN_INT_CONVERSION = YES;
				CLANG_WARN_NON_LITERAL_NULL_CONVERSION = YES;
				CLANG_WARN_OBJC_IMPLICIT_RETAIN_SELF = YES;
				CLANG_WARN_OBJC_LITERAL_CONVERSION = YES;
				CLANG_WARN_OBJC_ROOT_CLASS = YES_ERROR;
				CLANG_WARN_QUOTED_INCLUDE_IN_FRAMEWORK_HEADER = YES;
				CLANG_WARN_RANGE_LOOP_ANALYSIS = YES;
				CLANG_WARN_STRICT_PROTOTYPES = YES;
				CLANG_WARN_SUSPICIOUS_MOVE = YES;
				CLANG_WARN_UNGUARDED_AVAILABILITY = YES_AGGRESSIVE;
				CLANG_WARN_UNREACHABLE_CODE = YES;
				CLANG_WARN__DUPLICATE_METHOD_MATCH = YES;
				COPY_PHASE_STRIP = NO;
				DEBUG_INFORMATION_FORMAT = "dwarf-with-dsym";
				ENABLE_NS_ASSERTIONS = NO;
				ENABLE_STRICT_OBJC_MSGSEND = YES;
				ENABLE_USER_SCRIPT_SANDBOXING = YES;
				GCC_C_LANGUAGE_STANDARD = gnu17;
				GCC_NO_COMMON_BLOCKS = YES;
				GCC_WARN_64_TO_32_BIT_CONVERSION = YES;
				GCC_WARN_ABOUT_RETURN_TYPE = YES_ERROR;
				GCC_WARN_UNDECLARED_SELECTOR = YES;
				GCC_WARN_UNINITIALIZED_AUTOS = YES_AGGRESSIVE;
				GCC_WARN_UNUSED_FUNCTION = YES;
				GCC_WARN_UNUSED_VARIABLE = YES;
				IPHONEOS_DEPLOYMENT_TARGET = 17.2;
				LOCALIZATION_PREFERS_STRING_CATALOGS = YES;
				MTL_ENABLE_DEBUG_INFO = NO;
				MTL_FAST_MATH = YES;
				SDKROOT = iphoneos;
				SWIFT_COMPILATION_MODE = wholemodule;
				VALIDATE_PRODUCT = YES;
			};
			name = Release;
		};
		7F1916282B3A921500E5FEE0 /* Debug */ = {
			isa = XCBuildConfiguration;
			buildSettings = {
				ASSETCATALOG_COMPILER_APPICON_NAME = AppIcon;
				ASSETCATALOG_COMPILER_GLOBAL_ACCENT_COLOR_NAME = AccentColor;
				CODE_SIGN_ENTITLEMENTS = Login/Login.entitlements;
				CODE_SIGN_STYLE = Automatic;
				CURRENT_PROJECT_VERSION = 1;
				DEVELOPMENT_ASSET_PATHS = "\"Login/Preview Content\"";
				DEVELOPMENT_TEAM = 2B29748422;
				ENABLE_PREVIEWS = YES;
				GENERATE_INFOPLIST_FILE = YES;
				INFOPLIST_FILE = Login/Info.plist;
				INFOPLIST_KEY_UIApplicationSceneManifest_Generation = YES;
				INFOPLIST_KEY_UIApplicationSupportsIndirectInputEvents = YES;
				INFOPLIST_KEY_UILaunchScreen_Generation = YES;
				INFOPLIST_KEY_UISupportedInterfaceOrientations_iPad = "UIInterfaceOrientationPortrait UIInterfaceOrientationPortraitUpsideDown UIInterfaceOrientationLandscapeLeft UIInterfaceOrientationLandscapeRight";
				INFOPLIST_KEY_UISupportedInterfaceOrientations_iPhone = "UIInterfaceOrientationPortrait UIInterfaceOrientationLandscapeLeft UIInterfaceOrientationLandscapeRight";
				LD_RUNPATH_SEARCH_PATHS = (
					"$(inherited)",
					"@executable_path/Frameworks",
				);
				MARKETING_VERSION = 1.0;
				PRODUCT_BUNDLE_IDENTIFIER = yourcompany.com.Login;
				PRODUCT_NAME = "$(TARGET_NAME)";
				SWIFT_EMIT_LOC_STRINGS = YES;
				SWIFT_VERSION = 5.0;
				TARGETED_DEVICE_FAMILY = "1,2";
			};
			name = Debug;
		};
		7F1916292B3A921500E5FEE0 /* Release */ = {
			isa = XCBuildConfiguration;
			buildSettings = {
				ASSETCATALOG_COMPILER_APPICON_NAME = AppIcon;
				ASSETCATALOG_COMPILER_GLOBAL_ACCENT_COLOR_NAME = AccentColor;
				CODE_SIGN_ENTITLEMENTS = Login/Login.entitlements;
				CODE_SIGN_STYLE = Automatic;
				CURRENT_PROJECT_VERSION = 1;
				DEVELOPMENT_ASSET_PATHS = "\"Login/Preview Content\"";
				DEVELOPMENT_TEAM = 2B29748422;
				ENABLE_PREVIEWS = YES;
				GENERATE_INFOPLIST_FILE = YES;
				INFOPLIST_FILE = Login/Info.plist;
				INFOPLIST_KEY_UIApplicationSceneManifest_Generation = YES;
				INFOPLIST_KEY_UIApplicationSupportsIndirectInputEvents = YES;
				INFOPLIST_KEY_UILaunchScreen_Generation = YES;
				INFOPLIST_KEY_UISupportedInterfaceOrientations_iPad = "UIInterfaceOrientationPortrait UIInterfaceOrientationPortraitUpsideDown UIInterfaceOrientationLandscapeLeft UIInterfaceOrientationLandscapeRight";
				INFOPLIST_KEY_UISupportedInterfaceOrientations_iPhone = "UIInterfaceOrientationPortrait UIInterfaceOrientationLandscapeLeft UIInterfaceOrientationLandscapeRight";
				LD_RUNPATH_SEARCH_PATHS = (
					"$(inherited)",
					"@executable_path/Frameworks",
				);
				MARKETING_VERSION = 1.0;
				PRODUCT_BUNDLE_IDENTIFIER = yourcompany.com.Login;
				PRODUCT_NAME = "$(TARGET_NAME)";
				SWIFT_EMIT_LOC_STRINGS = YES;
				SWIFT_VERSION = 5.0;
				TARGETED_DEVICE_FAMILY = "1,2";
			};
			name = Release;
		};
/* End XCBuildConfiguration section */

/* Begin XCConfigurationList section */
		7F1916142B3A921400E5FEE0 /* Build configuration list for PBXProject "Login" */ = {
			isa = XCConfigurationList;
			buildConfigurations = (
				7F1916252B3A921500E5FEE0 /* Debug */,
				7F1916262B3A921500E5FEE0 /* Release */,
			);
			defaultConfigurationIsVisible = 0;
			defaultConfigurationName = Release;
		};
		7F1916272B3A921500E5FEE0 /* Build configuration list for PBXNativeTarget "Login" */ = {
			isa = XCConfigurationList;
			buildConfigurations = (
				7F1916282B3A921500E5FEE0 /* Debug */,
				7F1916292B3A921500E5FEE0 /* Release */,
			);
			defaultConfigurationIsVisible = 0;
			defaultConfigurationName = Release;
		};
/* End XCConfigurationList section */
	};
	rootObject = 7F1916112B3A921400E5FEE0 /* Project object */;
}
